
Microsoft Visual Studio Solution File, Format Version 12.00
# Visual Studio Version 16
VisualStudioVersion = 16.0.30804.86
MinimumVisualStudioVersion = 10.0.40219.1
Project("{FAE04EC0-301F-11D3-BF4B-00C04F79EFBC}") = "Bar", "Bar.csproj", "{D58AEDB0-E4B7-4977-8C0A-9EFA1DD21656}"
EndProject
Global
	GlobalSection(SolutionConfigurationPlatforms) = preSolution
		Debug|Any CPU = Debug|Any CPU
		Release|Any CPU = Release|Any CPU
	EndGlobalSection
	GlobalSection(ProjectConfigurationPlatforms) = postSolution
		{D58AEDB0-E4B7-4977-8C0A-9EFA1DD21656}.Debug|Any CPU.ActiveCfg = Debug|Any CPU
		{D58AEDB0-E4B7-4977-8C0A-9EFA1DD21656}.Debug|Any CPU.Build.0 = Debug|Any CPU
		{D58AEDB0-E4B7-4977-8C0A-9EFA1DD21656}.Release|Any CPU.ActiveCfg = Release|Any CPU
		{D58AEDB0-E4B7-4977-8C0A-9EFA1DD21656}.Release|Any CPU.Build.0 = Release|Any CPU
	EndGlobalSection
	GlobalSection(SolutionProperties) = preSolution
		HideSolutionNode = FALSE
	EndGlobalSection
	GlobalSection(ExtensibilityGlobals) = postSolution
		SolutionGuid = {714B89DE-DE15-4C54-BC41-FF482F6B0A42}
	EndGlobalSection
EndGlobal
